
Microsoft Visual Studio Solution File, Format Version 12.00
# Visual Studio Version 17
VisualStudioVersion = 17.11.35222.181
MinimumVisualStudioVersion = 10.0.40219.1
Project("{FAE04EC0-301F-11D3-BF4B-00C04F79EFBC}") = "CancelAbility", "CancelAbility\CancelAbility.csproj", "{096EBE0D-4E49-4CA1-A438-5D89C4F804A9}"
EndProject
Global
	GlobalSection(SolutionConfigurationPlatforms) = preSolution
		Debug|Any CPU = Debug|Any CPU
		Release|Any CPU = Release|Any CPU
	EndGlobalSection
	GlobalSection(ProjectConfigurationPlatforms) = postSolution
		{096EBE0D-4E49-4CA1-A438-5D89C4F804A9}.Debug|Any CPU.ActiveCfg = Debug|Any CPU
		{096EBE0D-4E49-4CA1-A438-5D89C4F804A9}.Debug|Any CPU.Build.0 = Debug|Any CPU
		{096EBE0D-4E49-4CA1-A438-5D89C4F804A9}.Release|Any CPU.ActiveCfg = Release|Any CPU
		{096EBE0D-4E49-4CA1-A438-5D89C4F804A9}.Release|Any CPU.Build.0 = Release|Any CPU
	EndGlobalSection
	GlobalSection(SolutionProperties) = preSolution
		HideSolutionNode = FALSE
	EndGlobalSection
	GlobalSection(ExtensibilityGlobals) = postSolution
		SolutionGuid = {411AFD4C-5A0C-4F47-8304-7912DD4CBE2D}
	EndGlobalSection
EndGlobal
